
Microsoft Visual Studio Solution File, Format Version 12.00
# Visual Studio Version 16
VisualStudioVersion = 16.0.30717.126
MinimumVisualStudioVersion = 10.0.40219.1
Project("{FAE04EC0-301F-11D3-BF4B-00C04F79EFBC}") = "BulletinBoard", "BulletinBoard\BulletinBoard.csproj", "{71EE09E2-ED76-4F84-8BEC-7C5DE37ADBF5}"
EndProject
Global
	GlobalSection(SolutionConfigurationPlatforms) = preSolution
		Debug|Any CPU = Debug|Any CPU
		Release|Any CPU = Release|Any CPU
	EndGlobalSection
	GlobalSection(ProjectConfigurationPlatforms) = postSolution
		{71EE09E2-ED76-4F84-8BEC-7C5DE37ADBF5}.Debug|Any CPU.ActiveCfg = Debug|Any CPU
		{71EE09E2-ED76-4F84-8BEC-7C5DE37ADBF5}.Debug|Any CPU.Build.0 = Debug|Any CPU
		{71EE09E2-ED76-4F84-8BEC-7C5DE37ADBF5}.Release|Any CPU.ActiveCfg = Release|Any CPU
		{71EE09E2-ED76-4F84-8BEC-7C5DE37ADBF5}.Release|Any CPU.Build.0 = Release|Any CPU
	EndGlobalSection
	GlobalSection(SolutionProperties) = preSolution
		HideSolutionNode = FALSE
	EndGlobalSection
	GlobalSection(ExtensibilityGlobals) = postSolution
		SolutionGuid = {E968C5EC-449D-44BD-A964-5944451CF550}
	EndGlobalSection
EndGlobal
